
Microsoft Visual Studio Solution File, Format Version 12.00
# Visual Studio Version 16
VisualStudioVersion = 16.0.32929.386
MinimumVisualStudioVersion = 10.0.40219.1
Project("{9A19103F-16F7-4668-BE54-9A1E7A4F7556}") = "Portfolio", "Portfolio\Portfolio.csproj", "{E1BF24B8-AF3D-4579-A9EB-48EE32FCA0AF}"
EndProject
Project("{9A19103F-16F7-4668-BE54-9A1E7A4F7556}") = "Portfolio.DataLayer", "Portfolio.DataLayer\Portfolio.DataLayer.csproj", "{A3999695-D7B6-4140-B392-8641E8B5C2E3}"
EndProject
Global
	GlobalSection(SolutionConfigurationPlatforms) = preSolution
		Debug|Any CPU = Debug|Any CPU
		Release|Any CPU = Release|Any CPU
	EndGlobalSection
	GlobalSection(ProjectConfigurationPlatforms) = postSolution
		{E1BF24B8-AF3D-4579-A9EB-48EE32FCA0AF}.Debug|Any CPU.ActiveCfg = Debug|Any CPU
		{E1BF24B8-AF3D-4579-A9EB-48EE32FCA0AF}.Debug|Any CPU.Build.0 = Debug|Any CPU
		{E1BF24B8-AF3D-4579-A9EB-48EE32FCA0AF}.Release|Any CPU.ActiveCfg = Release|Any CPU
		{E1BF24B8-AF3D-4579-A9EB-48EE32FCA0AF}.Release|Any CPU.Build.0 = Release|Any CPU
		{A3999695-D7B6-4140-B392-8641E8B5C2E3}.Debug|Any CPU.ActiveCfg = Debug|Any CPU
		{A3999695-D7B6-4140-B392-8641E8B5C2E3}.Debug|Any CPU.Build.0 = Debug|Any CPU
		{A3999695-D7B6-4140-B392-8641E8B5C2E3}.Release|Any CPU.ActiveCfg = Release|Any CPU
		{A3999695-D7B6-4140-B392-8641E8B5C2E3}.Release|Any CPU.Build.0 = Release|Any CPU
	EndGlobalSection
	GlobalSection(SolutionProperties) = preSolution
		HideSolutionNode = FALSE
	EndGlobalSection
	GlobalSection(ExtensibilityGlobals) = postSolution
		SolutionGuid = {038A915B-C07B-469F-A738-CF3109823DF3}
	EndGlobalSection
EndGlobal
